// !$*UTF8*$!
{
	archiveVersion = 1;
	classes = {
	};
	objectVersion = 51;
	objects = {

/* Begin PBXBuildFile section */
		12CB83DDDA048BE92D135188 /* Pods_NetworkUITests.framework in Frameworks */ = {isa = PBXBuildFile; fileRef = 42E7C673C754ACA31A79F069 /* Pods_NetworkUITests.framework */; };
		762064D222D457E7005308B2 /* UserInfo.swift in Sources */ = {isa = PBXBuildFile; fileRef = 762064D122D457E7005308B2 /* UserInfo.swift */; };
		762064D422D4592A005308B2 /* CommonDataAPI.swift in Sources */ = {isa = PBXBuildFile; fileRef = 762064D322D45929005308B2 /* CommonDataAPI.swift */; };
		762064D622D5BFBE005308B2 /* LoggerPlugin.swift in Sources */ = {isa = PBXBuildFile; fileRef = 762064D522D5BFBE005308B2 /* LoggerPlugin.swift */; };
		762064D822D5E547005308B2 /* ZipNetworkViewController.swift in Sources */ = {isa = PBXBuildFile; fileRef = 762064D722D5E547005308B2 /* ZipNetworkViewController.swift */; };
		762064DA22D5E9F1005308B2 /* SchoolModel.swift in Sources */ = {isa = PBXBuildFile; fileRef = 762064D922D5E9F1005308B2 /* SchoolModel.swift */; };
		762064DD22D83577005308B2 /* LoginUtils.swift in Sources */ = {isa = PBXBuildFile; fileRef = 762064DC22D83577005308B2 /* LoginUtils.swift */; };
		76417E2822CEF009001B23FC /* NetworkViewController.swift in Sources */ = {isa = PBXBuildFile; fileRef = 76417E2722CEF009001B23FC /* NetworkViewController.swift */; };
		76417E2A22CF29B5001B23FC /* MBProgressHUD+Custom.swift in Sources */ = {isa = PBXBuildFile; fileRef = 76417E2922CF29B5001B23FC /* MBProgressHUD+Custom.swift */; };
		76417E3022CF3F02001B23FC /* LoadingView.swift in Sources */ = {isa = PBXBuildFile; fileRef = 76417E2F22CF3F02001B23FC /* LoadingView.swift */; };
		76417E3222CF5363001B23FC /* NetworkError.swift in Sources */ = {isa = PBXBuildFile; fileRef = 76417E3122CF5363001B23FC /* NetworkError.swift */; };
		76417E3422D30CC7001B23FC /* MultiNetworkViewController.swift in Sources */ = {isa = PBXBuildFile; fileRef = 76417E3322D30CC7001B23FC /* MultiNetworkViewController.swift */; };
		76417E3622D3101F001B23FC /* NewAccountAPI.swift in Sources */ = {isa = PBXBuildFile; fileRef = 76417E3522D3101F001B23FC /* NewAccountAPI.swift */; };
		76417E3822D3108C001B23FC /* AppConstant.swift in Sources */ = {isa = PBXBuildFile; fileRef = 76417E3722D3108C001B23FC /* AppConstant.swift */; };
		76417E3A22D3114D001B23FC /* User.swift in Sources */ = {isa = PBXBuildFile; fileRef = 76417E3922D3114D001B23FC /* User.swift */; };
		76417E3C22D311BF001B23FC /* Score.swift in Sources */ = {isa = PBXBuildFile; fileRef = 76417E3B22D311BF001B23FC /* Score.swift */; };
		76417E3E22D31634001B23FC /* BaseViewController.swift in Sources */ = {isa = PBXBuildFile; fileRef = 76417E3D22D31634001B23FC /* BaseViewController.swift */; };
		76417E4022D317A1001B23FC /* UserLogin.swift in Sources */ = {isa = PBXBuildFile; fileRef = 76417E3F22D317A1001B23FC /* UserLogin.swift */; };
		76417E4222D320F3001B23FC /* LoginState.swift in Sources */ = {isa = PBXBuildFile; fileRef = 76417E4122D320F3001B23FC /* LoginState.swift */; };
		766CD97A22CC47C1004A3543 /* AppDelegate.swift in Sources */ = {isa = PBXBuildFile; fileRef = 766CD97922CC47C1004A3543 /* AppDelegate.swift */; };
		766CD97C22CC47C1004A3543 /* ViewController.swift in Sources */ = {isa = PBXBuildFile; fileRef = 766CD97B22CC47C1004A3543 /* ViewController.swift */; };
		766CD97F22CC47C1004A3543 /* Main.storyboard in Resources */ = {isa = PBXBuildFile; fileRef = 766CD97D22CC47C1004A3543 /* Main.storyboard */; };
		766CD98122CC47C2004A3543 /* Assets.xcassets in Resources */ = {isa = PBXBuildFile; fileRef = 766CD98022CC47C2004A3543 /* Assets.xcassets */; };
		766CD98422CC47C2004A3543 /* LaunchScreen.storyboard in Resources */ = {isa = PBXBuildFile; fileRef = 766CD98222CC47C2004A3543 /* LaunchScreen.storyboard */; };
		766CD98F22CC47C2004A3543 /* NetworkTests.swift in Sources */ = {isa = PBXBuildFile; fileRef = 766CD98E22CC47C2004A3543 /* NetworkTests.swift */; };
		766CD99A22CC47C2004A3543 /* NetworkUITests.swift in Sources */ = {isa = PBXBuildFile; fileRef = 766CD99922CC47C2004A3543 /* NetworkUITests.swift */; };
		766CD9A922CC5054004A3543 /* Network.swift in Sources */ = {isa = PBXBuildFile; fileRef = 766CD9A822CC5054004A3543 /* Network.swift */; };
		766CD9AD22CC5674004A3543 /* MultiTarget.swift in Sources */ = {isa = PBXBuildFile; fileRef = 766CD9AC22CC5674004A3543 /* MultiTarget.swift */; };
		766CD9B022CC9B5F004A3543 /* Response+Map.swift in Sources */ = {isa = PBXBuildFile; fileRef = 766CD9AF22CC9B5F004A3543 /* Response+Map.swift */; };
		766CD9B222CC9E9B004A3543 /* ResultModel.swift in Sources */ = {isa = PBXBuildFile; fileRef = 766CD9B122CC9E9B004A3543 /* ResultModel.swift */; };
		766CD9B622CDA649004A3543 /* TestAPI.swift in Sources */ = {isa = PBXBuildFile; fileRef = 766CD9B522CDA649004A3543 /* TestAPI.swift */; };
		766CD9B822CDA8DB004A3543 /* NewModel.swift in Sources */ = {isa = PBXBuildFile; fileRef = 766CD9B722CDA8DB004A3543 /* NewModel.swift */; };
		AF33DAAD637D332FD7F8AE1E /* Pods_Network.framework in Frameworks */ = {isa = PBXBuildFile; fileRef = EBEFA65AF511076DA3BE6F23 /* Pods_Network.framework */; };
		B70B926323C74BD573B844F9 /* Pods_NetworkTests.framework in Frameworks */ = {isa = PBXBuildFile; fileRef = 995B398609AD1022B2952F9A /* Pods_NetworkTests.framework */; };
/* End PBXBuildFile section */

/* Begin PBXContainerItemProxy section */
		766CD98B22CC47C2004A3543 /* PBXContainerItemProxy */ = {
			isa = PBXContainerItemProxy;
			containerPortal = 766CD96E22CC47C1004A3543 /* Project object */;
			proxyType = 1;
			remoteGlobalIDString = 766CD97522CC47C1004A3543;
			remoteInfo = Network;
		};
		766CD99622CC47C2004A3543 /* PBXContainerItemProxy */ = {
			isa = PBXContainerItemProxy;
			containerPortal = 766CD96E22CC47C1004A3543 /* Project object */;
			proxyType = 1;
			remoteGlobalIDString = 766CD97522CC47C1004A3543;
			remoteInfo = Network;
		};
/* End PBXContainerItemProxy section */

/* Begin PBXFileReference section */
		09A9C3195B5D2FB03F09C1A5 /* Pods-Network.debug.xcconfig */ = {isa = PBXFileReference; includeInIndex = 1; lastKnownFileType = text.xcconfig; name = "Pods-Network.debug.xcconfig"; path = "Target Support Files/Pods-Network/Pods-Network.debug.xcconfig"; sourceTree = "<group>"; };
		1B56C100BE71ED5136D8A59A /* Pods-NetworkUITests.release.xcconfig */ = {isa = PBXFileReference; includeInIndex = 1; lastKnownFileType = text.xcconfig; name = "Pods-NetworkUITests.release.xcconfig"; path = "Target Support Files/Pods-NetworkUITests/Pods-NetworkUITests.release.xcconfig"; sourceTree = "<group>"; };
		42E7C673C754ACA31A79F069 /* Pods_NetworkUITests.framework */ = {isa = PBXFileReference; explicitFileType = wrapper.framework; includeInIndex = 0; path = Pods_NetworkUITests.framework; sourceTree = BUILT_PRODUCTS_DIR; };
		51E04E552C1FB2C2D4880F68 /* Pods-Network.release.xcconfig */ = {isa = PBXFileReference; includeInIndex = 1; lastKnownFileType = text.xcconfig; name = "Pods-Network.release.xcconfig"; path = "Target Support Files/Pods-Network/Pods-Network.release.xcconfig"; sourceTree = "<group>"; };
		762064D122D457E7005308B2 /* UserInfo.swift */ = {isa = PBXFileReference; lastKnownFileType = sourcecode.swift; path = UserInfo.swift; sourceTree = "<group>"; };
		762064D322D45929005308B2 /* CommonDataAPI.swift */ = {isa = PBXFileReference; fileEncoding = 4; lastKnownFileType = sourcecode.swift; path = CommonDataAPI.swift; sourceTree = "<group>"; };
		762064D522D5BFBE005308B2 /* LoggerPlugin.swift */ = {isa = PBXFileReference; lastKnownFileType = sourcecode.swift; path = LoggerPlugin.swift; sourceTree = "<group>"; };
		762064D722D5E547005308B2 /* ZipNetworkViewController.swift */ = {isa = PBXFileReference; lastKnownFileType = sourcecode.swift; path = ZipNetworkViewController.swift; sourceTree = "<group>"; };
		762064D922D5E9F1005308B2 /* SchoolModel.swift */ = {isa = PBXFileReference; lastKnownFileType = sourcecode.swift; path = SchoolModel.swift; sourceTree = "<group>"; };
		762064DC22D83577005308B2 /* LoginUtils.swift */ = {isa = PBXFileReference; lastKnownFileType = sourcecode.swift; path = LoginUtils.swift; sourceTree = "<group>"; };
		76417E2722CEF009001B23FC /* NetworkViewController.swift */ = {isa = PBXFileReference; lastKnownFileType = sourcecode.swift; path = NetworkViewController.swift; sourceTree = "<group>"; };
		76417E2922CF29B5001B23FC /* MBProgressHUD+Custom.swift */ = {isa = PBXFileReference; lastKnownFileType = sourcecode.swift; path = "MBProgressHUD+Custom.swift"; sourceTree = "<group>"; };
		76417E2B22CF2A26001B23FC /* Network-Bridging-Header.h */ = {isa = PBXFileReference; lastKnownFileType = sourcecode.c.h; path = "Network-Bridging-Header.h"; sourceTree = "<group>"; };
		76417E2F22CF3F02001B23FC /* LoadingView.swift */ = {isa = PBXFileReference; fileEncoding = 4; lastKnownFileType = sourcecode.swift; path = LoadingView.swift; sourceTree = "<group>"; };
		76417E3122CF5363001B23FC /* NetworkError.swift */ = {isa = PBXFileReference; lastKnownFileType = sourcecode.swift; path = NetworkError.swift; sourceTree = "<group>"; };
		76417E3322D30CC7001B23FC /* MultiNetworkViewController.swift */ = {isa = PBXFileReference; lastKnownFileType = sourcecode.swift; path = MultiNetworkViewController.swift; sourceTree = "<group>"; };
		76417E3522D3101F001B23FC /* NewAccountAPI.swift */ = {isa = PBXFileReference; fileEncoding = 4; lastKnownFileType = sourcecode.swift; path = NewAccountAPI.swift; sourceTree = "<group>"; };
		76417E3722D3108C001B23FC /* AppConstant.swift */ = {isa = PBXFileReference; lastKnownFileType = sourcecode.swift; path = AppConstant.swift; sourceTree = "<group>"; };
		76417E3922D3114D001B23FC /* User.swift */ = {isa = PBXFileReference; lastKnownFileType = sourcecode.swift; path = User.swift; sourceTree = "<group>"; };
		76417E3B22D311BF001B23FC /* Score.swift */ = {isa = PBXFileReference; lastKnownFileType = sourcecode.swift; path = Score.swift; sourceTree = "<group>"; };
		76417E3D22D31634001B23FC /* BaseViewController.swift */ = {isa = PBXFileReference; lastKnownFileType = sourcecode.swift; path = BaseViewController.swift; sourceTree = "<group>"; };
		76417E3F22D317A1001B23FC /* UserLogin.swift */ = {isa = PBXFileReference; lastKnownFileType = sourcecode.swift; path = UserLogin.swift; sourceTree = "<group>"; };
		76417E4122D320F3001B23FC /* LoginState.swift */ = {isa = PBXFileReference; lastKnownFileType = sourcecode.swift; path = LoginState.swift; sourceTree = "<group>"; };
		766CD97622CC47C1004A3543 /* Network.app */ = {isa = PBXFileReference; explicitFileType = wrapper.application; includeInIndex = 0; path = Network.app; sourceTree = BUILT_PRODUCTS_DIR; };
		766CD97922CC47C1004A3543 /* AppDelegate.swift */ = {isa = PBXFileReference; lastKnownFileType = sourcecode.swift; path = AppDelegate.swift; sourceTree = "<group>"; };
		766CD97B22CC47C1004A3543 /* ViewController.swift */ = {isa = PBXFileReference; lastKnownFileType = sourcecode.swift; path = ViewController.swift; sourceTree = "<group>"; };
		766CD97E22CC47C1004A3543 /* Base */ = {isa = PBXFileReference; lastKnownFileType = file.storyboard; name = Base; path = Base.lproj/Main.storyboard; sourceTree = "<group>"; };
		766CD98022CC47C2004A3543 /* Assets.xcassets */ = {isa = PBXFileReference; lastKnownFileType = folder.assetcatalog; path = Assets.xcassets; sourceTree = "<group>"; };
		766CD98322CC47C2004A3543 /* Base */ = {isa = PBXFileReference; lastKnownFileType = file.storyboard; name = Base; path = Base.lproj/LaunchScreen.storyboard; sourceTree = "<group>"; };
		766CD98522CC47C2004A3543 /* Info.plist */ = {isa = PBXFileReference; lastKnownFileType = text.plist.xml; path = Info.plist; sourceTree = "<group>"; };
		766CD98A22CC47C2004A3543 /* NetworkTests.xctest */ = {isa = PBXFileReference; explicitFileType = wrapper.cfbundle; includeInIndex = 0; path = NetworkTests.xctest; sourceTree = BUILT_PRODUCTS_DIR; };
		766CD98E22CC47C2004A3543 /* NetworkTests.swift */ = {isa = PBXFileReference; lastKnownFileType = sourcecode.swift; path = NetworkTests.swift; sourceTree = "<group>"; };
		766CD99022CC47C2004A3543 /* Info.plist */ = {isa = PBXFileReference; lastKnownFileType = text.plist.xml; path = Info.plist; sourceTree = "<group>"; };
		766CD99522CC47C2004A3543 /* NetworkUITests.xctest */ = {isa = PBXFileReference; explicitFileType = wrapper.cfbundle; includeInIndex = 0; path = NetworkUITests.xctest; sourceTree = BUILT_PRODUCTS_DIR; };
		766CD99922CC47C2004A3543 /* NetworkUITests.swift */ = {isa = PBXFileReference; lastKnownFileType = sourcecode.swift; path = NetworkUITests.swift; sourceTree = "<group>"; };
		766CD99B22CC47C2004A3543 /* Info.plist */ = {isa = PBXFileReference; lastKnownFileType = text.plist.xml; path = Info.plist; sourceTree = "<group>"; };
		766CD9A822CC5054004A3543 /* Network.swift */ = {isa = PBXFileReference; lastKnownFileType = sourcecode.swift; path = Network.swift; sourceTree = "<group>"; };
		766CD9AC22CC5674004A3543 /* MultiTarget.swift */ = {isa = PBXFileReference; lastKnownFileType = sourcecode.swift; path = MultiTarget.swift; sourceTree = "<group>"; };
		766CD9AF22CC9B5F004A3543 /* Response+Map.swift */ = {isa = PBXFileReference; lastKnownFileType = sourcecode.swift; path = "Response+Map.swift"; sourceTree = "<group>"; };
		766CD9B122CC9E9B004A3543 /* ResultModel.swift */ = {isa = PBXFileReference; lastKnownFileType = sourcecode.swift; path = ResultModel.swift; sourceTree = "<group>"; };
		766CD9B522CDA649004A3543 /* TestAPI.swift */ = {isa = PBXFileReference; lastKnownFileType = sourcecode.swift; path = TestAPI.swift; sourceTree = "<group>"; };
		766CD9B722CDA8DB004A3543 /* NewModel.swift */ = {isa = PBXFileReference; lastKnownFileType = sourcecode.swift; path = NewModel.swift; sourceTree = "<group>"; };
		995B398609AD1022B2952F9A /* Pods_NetworkTests.framework */ = {isa = PBXFileReference; explicitFileType = wrapper.framework; includeInIndex = 0; path = Pods_NetworkTests.framework; sourceTree = BUILT_PRODUCTS_DIR; };
		C256DC77EE7C5B0D4B318177 /* Pods-NetworkTests.release.xcconfig */ = {isa = PBXFileReference; includeInIndex = 1; lastKnownFileType = text.xcconfig; name = "Pods-NetworkTests.release.xcconfig"; path = "Target Support Files/Pods-NetworkTests/Pods-NetworkTests.release.xcconfig"; sourceTree = "<group>"; };
		C709855E1529B5979FA1C981 /* Pods-NetworkTests.debug.xcconfig */ = {isa = PBXFileReference; includeInIndex = 1; lastKnownFileType = text.xcconfig; name = "Pods-NetworkTests.debug.xcconfig"; path = "Target Support Files/Pods-NetworkTests/Pods-NetworkTests.debug.xcconfig"; sourceTree = "<group>"; };
		C9A02B9A0390B9115B417294 /* Pods-NetworkUITests.debug.xcconfig */ = {isa = PBXFileReference; includeInIndex = 1; lastKnownFileType = text.xcconfig; name = "Pods-NetworkUITests.debug.xcconfig"; path = "Target Support Files/Pods-NetworkUITests/Pods-NetworkUITests.debug.xcconfig"; sourceTree = "<group>"; };
		EBEFA65AF511076DA3BE6F23 /* Pods_Network.framework */ = {isa = PBXFileReference; explicitFileType = wrapper.framework; includeInIndex = 0; path = Pods_Network.framework; sourceTree = BUILT_PRODUCTS_DIR; };
/* End PBXFileReference section */

/* Begin PBXFrameworksBuildPhase section */
		766CD97322CC47C1004A3543 /* Frameworks */ = {
			isa = PBXFrameworksBuildPhase;
			buildActionMask = 2147483647;
			files = (
				AF33DAAD637D332FD7F8AE1E /* Pods_Network.framework in Frameworks */,
			);
			runOnlyForDeploymentPostprocessing = 0;
		};
		766CD98722CC47C2004A3543 /* Frameworks */ = {
			isa = PBXFrameworksBuildPhase;
			buildActionMask = 2147483647;
			files = (
				B70B926323C74BD573B844F9 /* Pods_NetworkTests.framework in Frameworks */,
			);
			runOnlyForDeploymentPostprocessing = 0;
		};
		766CD99222CC47C2004A3543 /* Frameworks */ = {
			isa = PBXFrameworksBuildPhase;
			buildActionMask = 2147483647;
			files = (
				12CB83DDDA048BE92D135188 /* Pods_NetworkUITests.framework in Frameworks */,
			);
			runOnlyForDeploymentPostprocessing = 0;
		};
/* End PBXFrameworksBuildPhase section */

/* Begin PBXGroup section */
		32279EF2619E7F3844509454 /* Pods */ = {
			isa = PBXGroup;
			children = (
				09A9C3195B5D2FB03F09C1A5 /* Pods-Network.debug.xcconfig */,
				51E04E552C1FB2C2D4880F68 /* Pods-Network.release.xcconfig */,
				C709855E1529B5979FA1C981 /* Pods-NetworkTests.debug.xcconfig */,
				C256DC77EE7C5B0D4B318177 /* Pods-NetworkTests.release.xcconfig */,
				C9A02B9A0390B9115B417294 /* Pods-NetworkUITests.debug.xcconfig */,
				1B56C100BE71ED5136D8A59A /* Pods-NetworkUITests.release.xcconfig */,
			);
			path = Pods;
			sourceTree = "<group>";
		};
		48F4F57A731520F30CBF52B6 /* Frameworks */ = {
			isa = PBXGroup;
			children = (
				EBEFA65AF511076DA3BE6F23 /* Pods_Network.framework */,
				995B398609AD1022B2952F9A /* Pods_NetworkTests.framework */,
				42E7C673C754ACA31A79F069 /* Pods_NetworkUITests.framework */,
			);
			name = Frameworks;
			sourceTree = "<group>";
		};
		762064DB22D83552005308B2 /* Model */ = {
			isa = PBXGroup;
			children = (
				766CD9B722CDA8DB004A3543 /* NewModel.swift */,
				76417E3922D3114D001B23FC /* User.swift */,
				76417E3B22D311BF001B23FC /* Score.swift */,
				76417E3F22D317A1001B23FC /* UserLogin.swift */,
				762064D922D5E9F1005308B2 /* SchoolModel.swift */,
				762064D122D457E7005308B2 /* UserInfo.swift */,
			);
			path = Model;
			sourceTree = "<group>";
		};
		762064DE22D835D1005308B2 /* API */ = {
			isa = PBXGroup;
			children = (
				766CD9B522CDA649004A3543 /* TestAPI.swift */,
				76417E3522D3101F001B23FC /* NewAccountAPI.swift */,
				762064D322D45929005308B2 /* CommonDataAPI.swift */,
			);
			path = API;
			sourceTree = "<group>";
		};
		762064DF22D835ED005308B2 /* VIews */ = {
			isa = PBXGroup;
			children = (
				76417E2922CF29B5001B23FC /* MBProgressHUD+Custom.swift */,
				76417E2F22CF3F02001B23FC /* LoadingView.swift */,
			);
			path = VIews;
			sourceTree = "<group>";
		};
		762064E022D83615005308B2 /* Utils */ = {
			isa = PBXGroup;
			children = (
				762064DC22D83577005308B2 /* LoginUtils.swift */,
			);
			path = Utils;
			sourceTree = "<group>";
		};
		762064E122D8362B005308B2 /* ViewControllers */ = {
			isa = PBXGroup;
			children = (
				76417E3D22D31634001B23FC /* BaseViewController.swift */,
				766CD97B22CC47C1004A3543 /* ViewController.swift */,
				76417E2722CEF009001B23FC /* NetworkViewController.swift */,
				76417E3322D30CC7001B23FC /* MultiNetworkViewController.swift */,
				762064D722D5E547005308B2 /* ZipNetworkViewController.swift */,
			);
			path = ViewControllers;
			sourceTree = "<group>";
		};
		766CD96D22CC47C1004A3543 = {
			isa = PBXGroup;
			children = (
				766CD97822CC47C1004A3543 /* Network */,
				766CD98D22CC47C2004A3543 /* NetworkTests */,
				766CD99822CC47C2004A3543 /* NetworkUITests */,
				766CD97722CC47C1004A3543 /* Products */,
				32279EF2619E7F3844509454 /* Pods */,
				48F4F57A731520F30CBF52B6 /* Frameworks */,
			);
			sourceTree = "<group>";
		};
		766CD97722CC47C1004A3543 /* Products */ = {
			isa = PBXGroup;
			children = (
				766CD97622CC47C1004A3543 /* Network.app */,
				766CD98A22CC47C2004A3543 /* NetworkTests.xctest */,
				766CD99522CC47C2004A3543 /* NetworkUITests.xctest */,
			);
			name = Products;
			sourceTree = "<group>";
		};
		766CD97822CC47C1004A3543 /* Network */ = {
			isa = PBXGroup;
			children = (
				762064E122D8362B005308B2 /* ViewControllers */,
				762064E022D83615005308B2 /* Utils */,
				762064DF22D835ED005308B2 /* VIews */,
				762064DE22D835D1005308B2 /* API */,
				762064DB22D83552005308B2 /* Model */,
				766CD9A722CC5043004A3543 /* Network */,
				766CD97922CC47C1004A3543 /* AppDelegate.swift */,
				766CD97D22CC47C1004A3543 /* Main.storyboard */,
				766CD98022CC47C2004A3543 /* Assets.xcassets */,
				766CD98222CC47C2004A3543 /* LaunchScreen.storyboard */,
				766CD98522CC47C2004A3543 /* Info.plist */,
				76417E2B22CF2A26001B23FC /* Network-Bridging-Header.h */,
				76417E3722D3108C001B23FC /* AppConstant.swift */,
				76417E4122D320F3001B23FC /* LoginState.swift */,
			);
			path = Network;
			sourceTree = "<group>";
		};
		766CD98D22CC47C2004A3543 /* NetworkTests */ = {
			isa = PBXGroup;
			children = (
				766CD98E22CC47C2004A3543 /* NetworkTests.swift */,
				766CD99022CC47C2004A3543 /* Info.plist */,
			);
			path = NetworkTests;
			sourceTree = "<group>";
		};
		766CD99822CC47C2004A3543 /* NetworkUITests */ = {
			isa = PBXGroup;
			children = (
				766CD99922CC47C2004A3543 /* NetworkUITests.swift */,
				766CD99B22CC47C2004A3543 /* Info.plist */,
			);
			path = NetworkUITests;
			sourceTree = "<group>";
		};
		766CD9A722CC5043004A3543 /* Network */ = {
			isa = PBXGroup;
			children = (
				766CD9A822CC5054004A3543 /* Network.swift */,
				766CD9AC22CC5674004A3543 /* MultiTarget.swift */,
				766CD9AF22CC9B5F004A3543 /* Response+Map.swift */,
				766CD9B122CC9E9B004A3543 /* ResultModel.swift */,
				76417E3122CF5363001B23FC /* NetworkError.swift */,
				762064D522D5BFBE005308B2 /* LoggerPlugin.swift */,
			);
			path = Network;
			sourceTree = "<group>";
		};
/* End PBXGroup section */

/* Begin PBXNativeTarget section */
		766CD97522CC47C1004A3543 /* Network */ = {
			isa = PBXNativeTarget;
			buildConfigurationList = 766CD99E22CC47C2004A3543 /* Build configuration list for PBXNativeTarget "Network" */;
			buildPhases = (
				D234E18CCB80FCA78F348FB1 /* [CP] Check Pods Manifest.lock */,
				766CD97222CC47C1004A3543 /* Sources */,
				766CD97322CC47C1004A3543 /* Frameworks */,
				766CD97422CC47C1004A3543 /* Resources */,
				5C55553F7538941644784558 /* [CP] Embed Pods Frameworks */,
			);
			buildRules = (
			);
			dependencies = (
			);
			name = Network;
			productName = Network;
			productReference = 766CD97622CC47C1004A3543 /* Network.app */;
			productType = "com.apple.product-type.application";
		};
		766CD98922CC47C2004A3543 /* NetworkTests */ = {
			isa = PBXNativeTarget;
			buildConfigurationList = 766CD9A122CC47C2004A3543 /* Build configuration list for PBXNativeTarget "NetworkTests" */;
			buildPhases = (
				49CC66041E0F88223964D4F7 /* [CP] Check Pods Manifest.lock */,
				766CD98622CC47C2004A3543 /* Sources */,
				766CD98722CC47C2004A3543 /* Frameworks */,
				766CD98822CC47C2004A3543 /* Resources */,
			);
			buildRules = (
			);
			dependencies = (
				766CD98C22CC47C2004A3543 /* PBXTargetDependency */,
			);
			name = NetworkTests;
			productName = NetworkTests;
			productReference = 766CD98A22CC47C2004A3543 /* NetworkTests.xctest */;
			productType = "com.apple.product-type.bundle.unit-test";
		};
		766CD99422CC47C2004A3543 /* NetworkUITests */ = {
			isa = PBXNativeTarget;
			buildConfigurationList = 766CD9A422CC47C2004A3543 /* Build configuration list for PBXNativeTarget "NetworkUITests" */;
			buildPhases = (
				EE6A7225CAB15D2013691E2F /* [CP] Check Pods Manifest.lock */,
				766CD99122CC47C2004A3543 /* Sources */,
				766CD99222CC47C2004A3543 /* Frameworks */,
				766CD99322CC47C2004A3543 /* Resources */,
			);
			buildRules = (
			);
			dependencies = (
				766CD99722CC47C2004A3543 /* PBXTargetDependency */,
			);
			name = NetworkUITests;
			productName = NetworkUITests;
			productReference = 766CD99522CC47C2004A3543 /* NetworkUITests.xctest */;
			productType = "com.apple.product-type.bundle.ui-testing";
		};
/* End PBXNativeTarget section */

/* Begin PBXProject section */
		766CD96E22CC47C1004A3543 /* Project object */ = {
			isa = PBXProject;
			attributes = {
				LastSwiftUpdateCheck = 1020;
				LastUpgradeCheck = 1020;
				ORGANIZATIONNAME = youzy;
				TargetAttributes = {
					766CD97522CC47C1004A3543 = {
						CreatedOnToolsVersion = 10.2;
						LastSwiftMigration = 1020;
					};
					766CD98922CC47C2004A3543 = {
						CreatedOnToolsVersion = 10.2;
						TestTargetID = 766CD97522CC47C1004A3543;
					};
					766CD99422CC47C2004A3543 = {
						CreatedOnToolsVersion = 10.2;
						TestTargetID = 766CD97522CC47C1004A3543;
					};
				};
			};
			buildConfigurationList = 766CD97122CC47C1004A3543 /* Build configuration list for PBXProject "Network" */;
			compatibilityVersion = "Xcode 9.3";
			developmentRegion = en;
			hasScannedForEncodings = 0;
			knownRegions = (
				en,
				Base,
			);
			mainGroup = 766CD96D22CC47C1004A3543;
			productRefGroup = 766CD97722CC47C1004A3543 /* Products */;
			projectDirPath = "";
			projectRoot = "";
			targets = (
				766CD97522CC47C1004A3543 /* Network */,
				766CD98922CC47C2004A3543 /* NetworkTests */,
				766CD99422CC47C2004A3543 /* NetworkUITests */,
			);
		};
/* End PBXProject section */

/* Begin PBXResourcesBuildPhase section */
		766CD97422CC47C1004A3543 /* Resources */ = {
			isa = PBXResourcesBuildPhase;
			buildActionMask = 2147483647;
			files = (
				766CD98422CC47C2004A3543 /* LaunchScreen.storyboard in Resources */,
				766CD98122CC47C2004A3543 /* Assets.xcassets in Resources */,
				766CD97F22CC47C1004A3543 /* Main.storyboard in Resources */,
			);
			runOnlyForDeploymentPostprocessing = 0;
		};
		766CD98822CC47C2004A3543 /* Resources */ = {
			isa = PBXResourcesBuildPhase;
			buildActionMask = 2147483647;
			files = (
			);
			runOnlyForDeploymentPostprocessing = 0;
		};
		766CD99322CC47C2004A3543 /* Resources */ = {
			isa = PBXResourcesBuildPhase;
			buildActionMask = 2147483647;
			files = (
			);
			runOnlyForDeploymentPostprocessing = 0;
		};
/* End PBXResourcesBuildPhase section */

/* Begin PBXShellScriptBuildPhase section */
		49CC66041E0F88223964D4F7 /* [CP] Check Pods Manifest.lock */ = {
			isa = PBXShellScriptBuildPhase;
			buildActionMask = 2147483647;
			files = (
			);
			inputFileListPaths = (
			);
			inputPaths = (
				"${PODS_PODFILE_DIR_PATH}/Podfile.lock",
				"${PODS_ROOT}/Manifest.lock",
			);
			name = "[CP] Check Pods Manifest.lock";
			outputFileListPaths = (
			);
			outputPaths = (
				"$(DERIVED_FILE_DIR)/Pods-NetworkTests-checkManifestLockResult.txt",
			);
			runOnlyForDeploymentPostprocessing = 0;
			shellPath = /bin/sh;
			shellScript = "diff \"${PODS_PODFILE_DIR_PATH}/Podfile.lock\" \"${PODS_ROOT}/Manifest.lock\" > /dev/null\nif [ $? != 0 ] ; then\n    # print error to STDERR\n    echo \"error: The sandbox is not in sync with the Podfile.lock. Run 'pod install' or update your CocoaPods installation.\" >&2\n    exit 1\nfi\n# This output is used by Xcode 'outputs' to avoid re-running this script phase.\necho \"SUCCESS\" > \"${SCRIPT_OUTPUT_FILE_0}\"\n";
			showEnvVarsInLog = 0;
		};
		5C55553F7538941644784558 /* [CP] Embed Pods Frameworks */ = {
			isa = PBXShellScriptBuildPhase;
			buildActionMask = 2147483647;
			files = (
			);
			inputFileListPaths = (
				"${PODS_ROOT}/Target Support Files/Pods-Network/Pods-Network-frameworks-${CONFIGURATION}-input-files.xcfilelist",
			);
			name = "[CP] Embed Pods Frameworks";
			outputFileListPaths = (
				"${PODS_ROOT}/Target Support Files/Pods-Network/Pods-Network-frameworks-${CONFIGURATION}-output-files.xcfilelist",
			);
			runOnlyForDeploymentPostprocessing = 0;
			shellPath = /bin/sh;
			shellScript = "\"${PODS_ROOT}/Target Support Files/Pods-Network/Pods-Network-frameworks.sh\"\n";
			showEnvVarsInLog = 0;
		};
		D234E18CCB80FCA78F348FB1 /* [CP] Check Pods Manifest.lock */ = {
			isa = PBXShellScriptBuildPhase;
			buildActionMask = 2147483647;
			files = (
			);
			inputFileListPaths = (
			);
			inputPaths = (
				"${PODS_PODFILE_DIR_PATH}/Podfile.lock",
				"${PODS_ROOT}/Manifest.lock",
			);
			name = "[CP] Check Pods Manifest.lock";
			outputFileListPaths = (
			);
			outputPaths = (
				"$(DERIVED_FILE_DIR)/Pods-Network-checkManifestLockResult.txt",
			);
			runOnlyForDeploymentPostprocessing = 0;
			shellPath = /bin/sh;
			shellScript = "diff \"${PODS_PODFILE_DIR_PATH}/Podfile.lock\" \"${PODS_ROOT}/Manifest.lock\" > /dev/null\nif [ $? != 0 ] ; then\n    # print error to STDERR\n    echo \"error: The sandbox is not in sync with the Podfile.lock. Run 'pod install' or update your CocoaPods installation.\" >&2\n    exit 1\nfi\n# This output is used by Xcode 'outputs' to avoid re-running this script phase.\necho \"SUCCESS\" > \"${SCRIPT_OUTPUT_FILE_0}\"\n";
			showEnvVarsInLog = 0;
		};
		EE6A7225CAB15D2013691E2F /* [CP] Check Pods Manifest.lock */ = {
			isa = PBXShellScriptBuildPhase;
			buildActionMask = 2147483647;
			files = (
			);
			inputFileListPaths = (
			);
			inputPaths = (
				"${PODS_PODFILE_DIR_PATH}/Podfile.lock",
				"${PODS_ROOT}/Manifest.lock",
			);
			name = "[CP] Check Pods Manifest.lock";
			outputFileListPaths = (
			);
			outputPaths = (
				"$(DERIVED_FILE_DIR)/Pods-NetworkUITests-checkManifestLockResult.txt",
			);
			runOnlyForDeploymentPostprocessing = 0;
			shellPath = /bin/sh;
			shellScript = "diff \"${PODS_PODFILE_DIR_PATH}/Podfile.lock\" \"${PODS_ROOT}/Manifest.lock\" > /dev/null\nif [ $? != 0 ] ; then\n    # print error to STDERR\n    echo \"error: The sandbox is not in sync with the Podfile.lock. Run 'pod install' or update your CocoaPods installation.\" >&2\n    exit 1\nfi\n# This output is used by Xcode 'outputs' to avoid re-running this script phase.\necho \"SUCCESS\" > \"${SCRIPT_OUTPUT_FILE_0}\"\n";
			showEnvVarsInLog = 0;
		};
/* End PBXShellScriptBuildPhase section */

/* Begin PBXSourcesBuildPhase section */
		766CD97222CC47C1004A3543 /* Sources */ = {
			isa = PBXSourcesBuildPhase;
			buildActionMask = 2147483647;
			files = (
				76417E3C22D311BF001B23FC /* Score.swift in Sources */,
				766CD97C22CC47C1004A3543 /* ViewController.swift in Sources */,
				76417E2822CEF009001B23FC /* NetworkViewController.swift in Sources */,
				766CD9AD22CC5674004A3543 /* MultiTarget.swift in Sources */,
				76417E2A22CF29B5001B23FC /* MBProgressHUD+Custom.swift in Sources */,
				762064D822D5E547005308B2 /* ZipNetworkViewController.swift in Sources */,
				76417E4222D320F3001B23FC /* LoginState.swift in Sources */,
				76417E3E22D31634001B23FC /* BaseViewController.swift in Sources */,
				76417E3A22D3114D001B23FC /* User.swift in Sources */,
				766CD9B622CDA649004A3543 /* TestAPI.swift in Sources */,
				762064D422D4592A005308B2 /* CommonDataAPI.swift in Sources */,
				76417E3422D30CC7001B23FC /* MultiNetworkViewController.swift in Sources */,
				76417E3822D3108C001B23FC /* AppConstant.swift in Sources */,
				766CD9B822CDA8DB004A3543 /* NewModel.swift in Sources */,
				766CD97A22CC47C1004A3543 /* AppDelegate.swift in Sources */,
				762064DD22D83577005308B2 /* LoginUtils.swift in Sources */,
				766CD9A922CC5054004A3543 /* Network.swift in Sources */,
				766CD9B222CC9E9B004A3543 /* ResultModel.swift in Sources */,
				76417E3222CF5363001B23FC /* NetworkError.swift in Sources */,
				762064DA22D5E9F1005308B2 /* SchoolModel.swift in Sources */,
				76417E3622D3101F001B23FC /* NewAccountAPI.swift in Sources */,
				762064D622D5BFBE005308B2 /* LoggerPlugin.swift in Sources */,
				76417E3022CF3F02001B23FC /* LoadingView.swift in Sources */,
				766CD9B022CC9B5F004A3543 /* Response+Map.swift in Sources */,
				762064D222D457E7005308B2 /* UserInfo.swift in Sources */,
				76417E4022D317A1001B23FC /* UserLogin.swift in Sources */,
			);
			runOnlyForDeploymentPostprocessing = 0;
		};
		766CD98622CC47C2004A3543 /* Sources */ = {
			isa = PBXSourcesBuildPhase;
			buildActionMask = 2147483647;
			files = (
				766CD98F22CC47C2004A3543 /* NetworkTests.swift in Sources */,
			);
			runOnlyForDeploymentPostprocessing = 0;
		};
		766CD99122CC47C2004A3543 /* Sources */ = {
			isa = PBXSourcesBuildPhase;
			buildActionMask = 2147483647;
			files = (
				766CD99A22CC47C2004A3543 /* NetworkUITests.swift in Sources */,
			);
			runOnlyForDeploymentPostprocessing = 0;
		};
/* End PBXSourcesBuildPhase section */

/* Begin PBXTargetDependency section */
		766CD98C22CC47C2004A3543 /* PBXTargetDependency */ = {
			isa = PBXTargetDependency;
			target = 766CD97522CC47C1004A3543 /* Network */;
			targetProxy = 766CD98B22CC47C2004A3543 /* PBXContainerItemProxy */;
		};
		766CD99722CC47C2004A3543 /* PBXTargetDependency */ = {
			isa = PBXTargetDependency;
			target = 766CD97522CC47C1004A3543 /* Network */;
			targetProxy = 766CD99622CC47C2004A3543 /* PBXContainerItemProxy */;
		};
/* End PBXTargetDependency section */

/* Begin PBXVariantGroup section */
		766CD97D22CC47C1004A3543 /* Main.storyboard */ = {
			isa = PBXVariantGroup;
			children = (
				766CD97E22CC47C1004A3543 /* Base */,
			);
			name = Main.storyboard;
			sourceTree = "<group>";
		};
		766CD98222CC47C2004A3543 /* LaunchScreen.storyboard */ = {
			isa = PBXVariantGroup;
			children = (
				766CD98322CC47C2004A3543 /* Base */,
			);
			name = LaunchScreen.storyboard;
			sourceTree = "<group>";
		};
/* End PBXVariantGroup section */

/* Begin XCBuildConfiguration section */
		766CD99C22CC47C2004A3543 /* Debug */ = {
			isa = XCBuildConfiguration;
			buildSettings = {
				ALWAYS_SEARCH_USER_PATHS = NO;
				CLANG_ANALYZER_NONNULL = YES;
				CLANG_ANALYZER_NUMBER_OBJECT_CONVERSION = YES_AGGRESSIVE;
				CLANG_CXX_LANGUAGE_STANDARD = "gnu++14";
				CLANG_CXX_LIBRARY = "libc++";
				CLANG_ENABLE_MODULES = YES;
				CLANG_ENABLE_OBJC_ARC = YES;
				CLANG_ENABLE_OBJC_WEAK = YES;
				CLANG_WARN_BLOCK_CAPTURE_AUTORELEASING = YES;
				CLANG_WARN_BOOL_CONVERSION = YES;
				CLANG_WARN_COMMA = YES;
				CLANG_WARN_CONSTANT_CONVERSION = YES;
				CLANG_WARN_DEPRECATED_OBJC_IMPLEMENTATIONS = YES;
				CLANG_WARN_DIRECT_OBJC_ISA_USAGE = YES_ERROR;
				CLANG_WARN_DOCUMENTATION_COMMENTS = YES;
				CLANG_WARN_EMPTY_BODY = YES;
				CLANG_WARN_ENUM_CONVERSION = YES;
				CLANG_WARN_INFINITE_RECURSION = YES;
				CLANG_WARN_INT_CONVERSION = YES;
				CLANG_WARN_NON_LITERAL_NULL_CONVERSION = YES;
				CLANG_WARN_OBJC_IMPLICIT_RETAIN_SELF = YES;
				CLANG_WARN_OBJC_LITERAL_CONVERSION = YES;
				CLANG_WARN_OBJC_ROOT_CLASS = YES_ERROR;
				CLANG_WARN_RANGE_LOOP_ANALYSIS = YES;
				CLANG_WARN_STRICT_PROTOTYPES = YES;
				CLANG_WARN_SUSPICIOUS_MOVE = YES;
				CLANG_WARN_UNGUARDED_AVAILABILITY = YES_AGGRESSIVE;
				CLANG_WARN_UNREACHABLE_CODE = YES;
				CLANG_WARN__DUPLICATE_METHOD_MATCH = YES;
				CODE_SIGN_IDENTITY = "iPhone Developer";
				COPY_PHASE_STRIP = NO;
				DEBUG_INFORMATION_FORMAT = dwarf;
				ENABLE_STRICT_OBJC_MSGSEND = YES;
				ENABLE_TESTABILITY = YES;
				GCC_C_LANGUAGE_STANDARD = gnu11;
				GCC_DYNAMIC_NO_PIC = NO;
				GCC_NO_COMMON_BLOCKS = YES;
				GCC_OPTIMIZATION_LEVEL = 0;
				GCC_PREPROCESSOR_DEFINITIONS = (
					"DEBUG=1",
					"$(inherited)",
				);
				GCC_WARN_64_TO_32_BIT_CONVERSION = YES;
				GCC_WARN_ABOUT_RETURN_TYPE = YES_ERROR;
				GCC_WARN_UNDECLARED_SELECTOR = YES;
				GCC_WARN_UNINITIALIZED_AUTOS = YES_AGGRESSIVE;
				GCC_WARN_UNUSED_FUNCTION = YES;
				GCC_WARN_UNUSED_VARIABLE = YES;
				IPHONEOS_DEPLOYMENT_TARGET = 12.2;
				MTL_ENABLE_DEBUG_INFO = INCLUDE_SOURCE;
				MTL_FAST_MATH = YES;
				ONLY_ACTIVE_ARCH = YES;
				SDKROOT = iphoneos;
				SWIFT_ACTIVE_COMPILATION_CONDITIONS = DEBUG;
				SWIFT_OPTIMIZATION_LEVEL = "-Onone";
			};
			name = Debug;
		};
		766CD99D22CC47C2004A3543 /* Release */ = {
			isa = XCBuildConfiguration;
			buildSettings = {
				ALWAYS_SEARCH_USER_PATHS = NO;
				CLANG_ANALYZER_NONNULL = YES;
				CLANG_ANALYZER_NUMBER_OBJECT_CONVERSION = YES_AGGRESSIVE;
				CLANG_CXX_LANGUAGE_STANDARD = "gnu++14";
				CLANG_CXX_LIBRARY = "libc++";
				CLANG_ENABLE_MODULES = YES;
				CLANG_ENABLE_OBJC_ARC = YES;
				CLANG_ENABLE_OBJC_WEAK = YES;
				CLANG_WARN_BLOCK_CAPTURE_AUTORELEASING = YES;
				CLANG_WARN_BOOL_CONVERSION = YES;
				CLANG_WARN_COMMA = YES;
				CLANG_WARN_CONSTANT_CONVERSION = YES;
				CLANG_WARN_DEPRECATED_OBJC_IMPLEMENTATIONS = YES;
				CLANG_WARN_DIRECT_OBJC_ISA_USAGE = YES_ERROR;
				CLANG_WARN_DOCUMENTATION_COMMENTS = YES;
				CLANG_WARN_EMPTY_BODY = YES;
				CLANG_WARN_ENUM_CONVERSION = YES;
				CLANG_WARN_INFINITE_RECURSION = YES;
				CLANG_WARN_INT_CONVERSION = YES;
				CLANG_WARN_NON_LITERAL_NULL_CONVERSION = YES;
				CLANG_WARN_OBJC_IMPLICIT_RETAIN_SELF = YES;
				CLANG_WARN_OBJC_LITERAL_CONVERSION = YES;
				CLANG_WARN_OBJC_ROOT_CLASS = YES_ERROR;
				CLANG_WARN_RANGE_LOOP_ANALYSIS = YES;
				CLANG_WARN_STRICT_PROTOTYPES = YES;
				CLANG_WARN_SUSPICIOUS_MOVE = YES;
				CLANG_WARN_UNGUARDED_AVAILABILITY = YES_AGGRESSIVE;
				CLANG_WARN_UNREACHABLE_CODE = YES;
				CLANG_WARN__DUPLICATE_METHOD_MATCH = YES;
				CODE_SIGN_IDENTITY = "iPhone Developer";
				COPY_PHASE_STRIP = NO;
				DEBUG_INFORMATION_FORMAT = "dwarf-with-dsym";
				ENABLE_NS_ASSERTIONS = NO;
				ENABLE_STRICT_OBJC_MSGSEND = YES;
				GCC_C_LANGUAGE_STANDARD = gnu11;
				GCC_NO_COMMON_BLOCKS = YES;
				GCC_WARN_64_TO_32_BIT_CONVERSION = YES;
				GCC_WARN_ABOUT_RETURN_TYPE = YES_ERROR;
				GCC_WARN_UNDECLARED_SELECTOR = YES;
				GCC_WARN_UNINITIALIZED_AUTOS = YES_AGGRESSIVE;
				GCC_WARN_UNUSED_FUNCTION = YES;
				GCC_WARN_UNUSED_VARIABLE = YES;
				IPHONEOS_DEPLOYMENT_TARGET = 12.2;
				MTL_ENABLE_DEBUG_INFO = NO;
				MTL_FAST_MATH = YES;
				SDKROOT = iphoneos;
				SWIFT_COMPILATION_MODE = wholemodule;
				SWIFT_OPTIMIZATION_LEVEL = "-O";
				VALIDATE_PRODUCT = YES;
			};
			name = Release;
		};
		766CD99F22CC47C2004A3543 /* Debug */ = {
			isa = XCBuildConfiguration;
			baseConfigurationReference = 09A9C3195B5D2FB03F09C1A5 /* Pods-Network.debug.xcconfig */;
			buildSettings = {
				ASSETCATALOG_COMPILER_APPICON_NAME = AppIcon;
				CLANG_ENABLE_MODULES = YES;
				CODE_SIGN_STYLE = Automatic;
				DEVELOPMENT_TEAM = 4WM659594V;
				INFOPLIST_FILE = Network/Info.plist;
				LD_RUNPATH_SEARCH_PATHS = (
					"$(inherited)",
					"@executable_path/Frameworks",
				);
				PRODUCT_BUNDLE_IDENTIFIER = com.eagersoftdbl.Network;
				PRODUCT_NAME = "$(TARGET_NAME)";
				SWIFT_OBJC_BRIDGING_HEADER = "Network/Network-Bridging-Header.h";
				SWIFT_OPTIMIZATION_LEVEL = "-Onone";
				SWIFT_VERSION = 5.0;
				TARGETED_DEVICE_FAMILY = "1,2";
			};
			name = Debug;
		};
		766CD9A022CC47C2004A3543 /* Release */ = {
			isa = XCBuildConfiguration;
			baseConfigurationReference = 51E04E552C1FB2C2D4880F68 /* Pods-Network.release.xcconfig */;
			buildSettings = {
				ASSETCATALOG_COMPILER_APPICON_NAME = AppIcon;
				CLANG_ENABLE_MODULES = YES;
				CODE_SIGN_STYLE = Automatic;
				DEVELOPMENT_TEAM = 4WM659594V;
				INFOPLIST_FILE = Network/Info.plist;
				LD_RUNPATH_SEARCH_PATHS = (
					"$(inherited)",
					"@executable_path/Frameworks",
				);
				PRODUCT_BUNDLE_IDENTIFIER = com.eagersoftdbl.Network;
				PRODUCT_NAME = "$(TARGET_NAME)";
				SWIFT_OBJC_BRIDGING_HEADER = "Network/Network-Bridging-Header.h";
				SWIFT_VERSION = 5.0;
				TARGETED_DEVICE_FAMILY = "1,2";
			};
			name = Release;
		};
		766CD9A222CC47C2004A3543 /* Debug */ = {
			isa = XCBuildConfiguration;
			baseConfigurationReference = C709855E1529B5979FA1C981 /* Pods-NetworkTests.debug.xcconfig */;
			buildSettings = {
				ALWAYS_EMBED_SWIFT_STANDARD_LIBRARIES = YES;
				BUNDLE_LOADER = "$(TEST_HOST)";
				CODE_SIGN_STYLE = Automatic;
				DEVELOPMENT_TEAM = 4WM659594V;
				INFOPLIST_FILE = NetworkTests/Info.plist;
				LD_RUNPATH_SEARCH_PATHS = (
					"$(inherited)",
					"@executable_path/Frameworks",
					"@loader_path/Frameworks",
				);
				PRODUCT_BUNDLE_IDENTIFIER = com.eagersoftdbl.NetworkTests;
				PRODUCT_NAME = "$(TARGET_NAME)";
				SWIFT_VERSION = 5.0;
				TARGETED_DEVICE_FAMILY = "1,2";
				TEST_HOST = "$(BUILT_PRODUCTS_DIR)/Network.app/Network";
			};
			name = Debug;
		};
		766CD9A322CC47C2004A3543 /* Release */ = {
			isa = XCBuildConfiguration;
			baseConfigurationReference = C256DC77EE7C5B0D4B318177 /* Pods-NetworkTests.release.xcconfig */;
			buildSettings = {
				ALWAYS_EMBED_SWIFT_STANDARD_LIBRARIES = YES;
				BUNDLE_LOADER = "$(TEST_HOST)";
				CODE_SIGN_STYLE = Automatic;
				DEVELOPMENT_TEAM = 4WM659594V;
				INFOPLIST_FILE = NetworkTests/Info.plist;
				LD_RUNPATH_SEARCH_PATHS = (
					"$(inherited)",
					"@executable_path/Frameworks",
					"@loader_path/Frameworks",
				);
				PRODUCT_BUNDLE_IDENTIFIER = com.eagersoftdbl.NetworkTests;
				PRODUCT_NAME = "$(TARGET_NAME)";
				SWIFT_VERSION = 5.0;
				TARGETED_DEVICE_FAMILY = "1,2";
				TEST_HOST = "$(BUILT_PRODUCTS_DIR)/Network.app/Network";
			};
			name = Release;
		};
		766CD9A522CC47C2004A3543 /* Debug */ = {
			isa = XCBuildConfiguration;
			baseConfigurationReference = C9A02B9A0390B9115B417294 /* Pods-NetworkUITests.debug.xcconfig */;
			buildSettings = {
				ALWAYS_EMBED_SWIFT_STANDARD_LIBRARIES = YES;
				CODE_SIGN_STYLE = Automatic;
				DEVELOPMENT_TEAM = 4WM659594V;
				INFOPLIST_FILE = NetworkUITests/Info.plist;
				LD_RUNPATH_SEARCH_PATHS = (
					"$(inherited)",
					"@executable_path/Frameworks",
					"@loader_path/Frameworks",
				);
				PRODUCT_BUNDLE_IDENTIFIER = com.eagersoftdbl.NetworkUITests;
				PRODUCT_NAME = "$(TARGET_NAME)";
				SWIFT_VERSION = 5.0;
				TARGETED_DEVICE_FAMILY = "1,2";
				TEST_TARGET_NAME = Network;
			};
			name = Debug;
		};
		766CD9A622CC47C2004A3543 /* Release */ = {
			isa = XCBuildConfiguration;
			baseConfigurationReference = 1B56C100BE71ED5136D8A59A /* Pods-NetworkUITests.release.xcconfig */;
			buildSettings = {
				ALWAYS_EMBED_SWIFT_STANDARD_LIBRARIES = YES;
				CODE_SIGN_STYLE = Automatic;
				DEVELOPMENT_TEAM = 4WM659594V;
				INFOPLIST_FILE = NetworkUITests/Info.plist;
				LD_RUNPATH_SEARCH_PATHS = (
					"$(inherited)",
					"@executable_path/Frameworks",
					"@loader_path/Frameworks",
				);
				PRODUCT_BUNDLE_IDENTIFIER = com.eagersoftdbl.NetworkUITests;
				PRODUCT_NAME = "$(TARGET_NAME)";
				SWIFT_VERSION = 5.0;
				TARGETED_DEVICE_FAMILY = "1,2";
				TEST_TARGET_NAME = Network;
			};
			name = Release;
		};
/* End XCBuildConfiguration section */

/* Begin XCConfigurationList section */
		766CD97122CC47C1004A3543 /* Build configuration list for PBXProject "Network" */ = {
			isa = XCConfigurationList;
			buildConfigurations = (
				766CD99C22CC47C2004A3543 /* Debug */,
				766CD99D22CC47C2004A3543 /* Release */,
			);
			defaultConfigurationIsVisible = 0;
			defaultConfigurationName = Release;
		};
		766CD99E22CC47C2004A3543 /* Build configuration list for PBXNativeTarget "Network" */ = {
			isa = XCConfigurationList;
			buildConfigurations = (
				766CD99F22CC47C2004A3543 /* Debug */,
				766CD9A022CC47C2004A3543 /* Release */,
			);
			defaultConfigurationIsVisible = 0;
			defaultConfigurationName = Release;
		};
		766CD9A122CC47C2004A3543 /* Build configuration list for PBXNativeTarget "NetworkTests" */ = {
			isa = XCConfigurationList;
			buildConfigurations = (
				766CD9A222CC47C2004A3543 /* Debug */,
				766CD9A322CC47C2004A3543 /* Release */,
			);
			defaultConfigurationIsVisible = 0;
			defaultConfigurationName = Release;
		};
		766CD9A422CC47C2004A3543 /* Build configuration list for PBXNativeTarget "NetworkUITests" */ = {
			isa = XCConfigurationList;
			buildConfigurations = (
				766CD9A522CC47C2004A3543 /* Debug */,
				766CD9A622CC47C2004A3543 /* Release */,
			);
			defaultConfigurationIsVisible = 0;
			defaultConfigurationName = Release;
		};
/* End XCConfigurationList section */
	};
	rootObject = 766CD96E22CC47C1004A3543 /* Project object */;
}
